
Microsoft Visual Studio Solution File, Format Version 12.00
# Visual Studio Version 17
VisualStudioVersion = 17.14.36804.6 d17.14
MinimumVisualStudioVersion = 10.0.40219.1
Project("{FAE04EC0-301F-11D3-BF4B-00C04F79EFBC}") = "SintaxisBasica", "SintaxisBasica\SintaxisBasica.csproj", "{6938C3BC-2987-4CC2-ABB1-9F71B3B86693}"
EndProject
Global
	GlobalSection(SolutionConfigurationPlatforms) = preSolution
		Debug|Any CPU = Debug|Any CPU
		Release|Any CPU = Release|Any CPU
	EndGlobalSection
	GlobalSection(ProjectConfigurationPlatforms) = postSolution
		{6938C3BC-2987-4CC2-ABB1-9F71B3B86693}.Debug|Any CPU.ActiveCfg = Debug|Any CPU
		{6938C3BC-2987-4CC2-ABB1-9F71B3B86693}.Debug|Any CPU.Build.0 = Debug|Any CPU
		{6938C3BC-2987-4CC2-ABB1-9F71B3B86693}.Release|Any CPU.ActiveCfg = Release|Any CPU
		{6938C3BC-2987-4CC2-ABB1-9F71B3B86693}.Release|Any CPU.Build.0 = Release|Any CPU
	EndGlobalSection
	GlobalSection(SolutionProperties) = preSolution
		HideSolutionNode = FALSE
	EndGlobalSection
	GlobalSection(ExtensibilityGlobals) = postSolution
		SolutionGuid = {2813A937-F8E7-470D-A235-36F43DB814B9}
	EndGlobalSection
EndGlobal
